
Microsoft Visual Studio Solution File, Format Version 11.00
# Visual Studio 2010
Project("{FAE04EC0-301F-11D3-BF4B-00C04F79EFBC}") = "Assembly-CSharp", "Assembly-CSharp.csproj", "{83C0569D-EBF6-86CD-A6E8-05191412E585}"
EndProject
Project("{FAE04EC0-301F-11D3-BF4B-00C04F79EFBC}") = "Assembly-CSharp-Editor", "Assembly-CSharp-Editor.csproj", "{96F37A57-2C92-724A-AE77-7C06A30FC8BF}"
EndProject
Global
	GlobalSection(SolutionConfigurationPlatforms) = preSolution
		Debug|Any CPU = Debug|Any CPU
		Release|Any CPU = Release|Any CPU
	EndGlobalSection
	GlobalSection(ProjectConfigurationPlatforms) = postSolution
		{83C0569D-EBF6-86CD-A6E8-05191412E585}.Debug|Any CPU.ActiveCfg = Debug|Any CPU
		{83C0569D-EBF6-86CD-A6E8-05191412E585}.Debug|Any CPU.Build.0 = Debug|Any CPU
		{83C0569D-EBF6-86CD-A6E8-05191412E585}.Release|Any CPU.ActiveCfg = Release|Any CPU
		{83C0569D-EBF6-86CD-A6E8-05191412E585}.Release|Any CPU.Build.0 = Release|Any CPU
		{96F37A57-2C92-724A-AE77-7C06A30FC8BF}.Debug|Any CPU.ActiveCfg = Debug|Any CPU
		{96F37A57-2C92-724A-AE77-7C06A30FC8BF}.Debug|Any CPU.Build.0 = Debug|Any CPU
		{96F37A57-2C92-724A-AE77-7C06A30FC8BF}.Release|Any CPU.ActiveCfg = Release|Any CPU
		{96F37A57-2C92-724A-AE77-7C06A30FC8BF}.Release|Any CPU.Build.0 = Release|Any CPU
	EndGlobalSection
	GlobalSection(SolutionProperties) = preSolution
		HideSolutionNode = FALSE
	EndGlobalSection
EndGlobal
